
Microsoft Visual Studio Solution File, Format Version 12.00
# Visual Studio Version 16
VisualStudioVersion = 16.0.29926.136
MinimumVisualStudioVersion = 10.0.40219.1
Project("{FAE04EC0-301F-11D3-BF4B-00C04F79EFBC}") = "Carnet", "Carnet\Carnet.csproj", "{7E39E4D8-74BD-4516-BEAE-3CCD81764AED}"
EndProject
Project("{FAE04EC0-301F-11D3-BF4B-00C04F79EFBC}") = "XAML2", "XAML2\XAML2.csproj", "{A388FF47-A0D0-41F9-B472-E54C30D7758C}"
EndProject
Project("{FAE04EC0-301F-11D3-BF4B-00C04F79EFBC}") = "MVC", "MVC\MVC.csproj", "{B05091AD-E18D-49BB-A79F-81387676E85E}"
EndProject
Global
	GlobalSection(SolutionConfigurationPlatforms) = preSolution
		Debug|Any CPU = Debug|Any CPU
		Release|Any CPU = Release|Any CPU
	EndGlobalSection
	GlobalSection(ProjectConfigurationPlatforms) = postSolution
		{7E39E4D8-74BD-4516-BEAE-3CCD81764AED}.Debug|Any CPU.ActiveCfg = Debug|Any CPU
		{7E39E4D8-74BD-4516-BEAE-3CCD81764AED}.Debug|Any CPU.Build.0 = Debug|Any CPU
		{7E39E4D8-74BD-4516-BEAE-3CCD81764AED}.Release|Any CPU.ActiveCfg = Release|Any CPU
		{7E39E4D8-74BD-4516-BEAE-3CCD81764AED}.Release|Any CPU.Build.0 = Release|Any CPU
		{A388FF47-A0D0-41F9-B472-E54C30D7758C}.Debug|Any CPU.ActiveCfg = Debug|Any CPU
		{A388FF47-A0D0-41F9-B472-E54C30D7758C}.Debug|Any CPU.Build.0 = Debug|Any CPU
		{A388FF47-A0D0-41F9-B472-E54C30D7758C}.Release|Any CPU.ActiveCfg = Release|Any CPU
		{A388FF47-A0D0-41F9-B472-E54C30D7758C}.Release|Any CPU.Build.0 = Release|Any CPU
		{B05091AD-E18D-49BB-A79F-81387676E85E}.Debug|Any CPU.ActiveCfg = Debug|Any CPU
		{B05091AD-E18D-49BB-A79F-81387676E85E}.Debug|Any CPU.Build.0 = Debug|Any CPU
		{B05091AD-E18D-49BB-A79F-81387676E85E}.Release|Any CPU.ActiveCfg = Release|Any CPU
		{B05091AD-E18D-49BB-A79F-81387676E85E}.Release|Any CPU.Build.0 = Release|Any CPU
	EndGlobalSection
	GlobalSection(SolutionProperties) = preSolution
		HideSolutionNode = FALSE
	EndGlobalSection
	GlobalSection(ExtensibilityGlobals) = postSolution
		SolutionGuid = {3511762C-113A-4588-873D-44730CC38279}
	EndGlobalSection
EndGlobal
